// !$*UTF8*$!
{
	archiveVersion = 1;
	classes = {
	};
	objectVersion = 50;
	objects = {

/* Begin PBXBuildFile section */
		D72CE922214793C200246A64 /* cube.png in Resources */ = {isa = PBXBuildFile; fileRef = D72CE921214793C200246A64 /* cube.png */; };
		D75456E6212E86CD00EFC86F /* Shaders.metal in Sources */ = {isa = PBXBuildFile; fileRef = D75456E5212E86CD00EFC86F /* Shaders.metal */; };
		D75A5270214D9FE000D0BD39 /* Light.swift in Sources */ = {isa = PBXBuildFile; fileRef = D75A526F214D9FE000D0BD39 /* Light.swift */; };
		D786118021463F0500A19176 /* MetalTexture.swift in Sources */ = {isa = PBXBuildFile; fileRef = D786117F21463F0400A19176 /* MetalTexture.swift */; };
		D78D87C6212A8AE4001EA8BD /* AppDelegate.swift in Sources */ = {isa = PBXBuildFile; fileRef = D78D87C5212A8AE4001EA8BD /* AppDelegate.swift */; };
		D78D87C8212A8AE4001EA8BD /* MetalViewController.swift in Sources */ = {isa = PBXBuildFile; fileRef = D78D87C7212A8AE4001EA8BD /* MetalViewController.swift */; };
		D78D87CB212A8AE4001EA8BD /* Main.storyboard in Resources */ = {isa = PBXBuildFile; fileRef = D78D87C9212A8AE4001EA8BD /* Main.storyboard */; };
		D78D87CD212A8AE5001EA8BD /* Assets.xcassets in Resources */ = {isa = PBXBuildFile; fileRef = D78D87CC212A8AE5001EA8BD /* Assets.xcassets */; };
		D78D87D0212A8AE5001EA8BD /* LaunchScreen.storyboard in Resources */ = {isa = PBXBuildFile; fileRef = D78D87CE212A8AE5001EA8BD /* LaunchScreen.storyboard */; };
		D7A97FDA2137A7B80015C656 /* Cube.swift in Sources */ = {isa = PBXBuildFile; fileRef = D7A97FD92137A7B80015C656 /* Cube.swift */; };
		D7EAC5F02134FFCF00B9827C /* Matrix4.m in Sources */ = {isa = PBXBuildFile; fileRef = D7EAC5EF2134FFCF00B9827C /* Matrix4.m */; };
		D7EAC5F22135027700B9827C /* Vertex.swift in Sources */ = {isa = PBXBuildFile; fileRef = D7EAC5F12135027700B9827C /* Vertex.swift */; };
		D7EAC5F4213502AE00B9827C /* Node.swift in Sources */ = {isa = PBXBuildFile; fileRef = D7EAC5F3213502AE00B9827C /* Node.swift */; };
		D7EAC5F6213503E200B9827C /* Triangle.swift in Sources */ = {isa = PBXBuildFile; fileRef = D7EAC5F5213503E200B9827C /* Triangle.swift */; };
		D7EDC34E2145E7F400DCC012 /* SceneViewController.swift in Sources */ = {isa = PBXBuildFile; fileRef = D7EDC34D2145E7F400DCC012 /* SceneViewController.swift */; };
		D7EDC3502145EE6100DCC012 /* BufferProvider.swift in Sources */ = {isa = PBXBuildFile; fileRef = D7EDC34F2145EE6100DCC012 /* BufferProvider.swift */; };
/* End PBXBuildFile section */

/* Begin PBXFileReference section */
		D72CE921214793C200246A64 /* cube.png */ = {isa = PBXFileReference; lastKnownFileType = image.png; path = cube.png; sourceTree = "<group>"; };
		D75456E5212E86CD00EFC86F /* Shaders.metal */ = {isa = PBXFileReference; lastKnownFileType = sourcecode.metal; path = Shaders.metal; sourceTree = "<group>"; };
		D75A526F214D9FE000D0BD39 /* Light.swift */ = {isa = PBXFileReference; lastKnownFileType = sourcecode.swift; path = Light.swift; sourceTree = "<group>"; };
		D786117F21463F0400A19176 /* MetalTexture.swift */ = {isa = PBXFileReference; fileEncoding = 4; lastKnownFileType = sourcecode.swift; path = MetalTexture.swift; sourceTree = "<group>"; };
		D78D87C2212A8AE4001EA8BD /* Metal Giant.app */ = {isa = PBXFileReference; explicitFileType = wrapper.application; includeInIndex = 0; path = "Metal Giant.app"; sourceTree = BUILT_PRODUCTS_DIR; };
		D78D87C5212A8AE4001EA8BD /* AppDelegate.swift */ = {isa = PBXFileReference; lastKnownFileType = sourcecode.swift; path = AppDelegate.swift; sourceTree = "<group>"; };
		D78D87C7212A8AE4001EA8BD /* MetalViewController.swift */ = {isa = PBXFileReference; lastKnownFileType = sourcecode.swift; path = MetalViewController.swift; sourceTree = "<group>"; };
		D78D87CA212A8AE4001EA8BD /* Base */ = {isa = PBXFileReference; lastKnownFileType = file.storyboard; name = Base; path = Base.lproj/Main.storyboard; sourceTree = "<group>"; };
		D78D87CC212A8AE5001EA8BD /* Assets.xcassets */ = {isa = PBXFileReference; lastKnownFileType = folder.assetcatalog; path = Assets.xcassets; sourceTree = "<group>"; };
		D78D87CF212A8AE5001EA8BD /* Base */ = {isa = PBXFileReference; lastKnownFileType = file.storyboard; name = Base; path = Base.lproj/LaunchScreen.storyboard; sourceTree = "<group>"; };
		D78D87D1212A8AE5001EA8BD /* Info.plist */ = {isa = PBXFileReference; lastKnownFileType = text.plist.xml; path = Info.plist; sourceTree = "<group>"; };
		D7A97FD92137A7B80015C656 /* Cube.swift */ = {isa = PBXFileReference; lastKnownFileType = sourcecode.swift; path = Cube.swift; sourceTree = "<group>"; };
		D7EAC5ED2134FFCF00B9827C /* Metal Giant-Bridging-Header.h */ = {isa = PBXFileReference; lastKnownFileType = sourcecode.c.h; path = "Metal Giant-Bridging-Header.h"; sourceTree = "<group>"; };
		D7EAC5EE2134FFCF00B9827C /* Matrix4.h */ = {isa = PBXFileReference; fileEncoding = 4; lastKnownFileType = sourcecode.c.h; path = Matrix4.h; sourceTree = "<group>"; };
		D7EAC5EF2134FFCF00B9827C /* Matrix4.m */ = {isa = PBXFileReference; fileEncoding = 4; lastKnownFileType = sourcecode.c.objc; path = Matrix4.m; sourceTree = "<group>"; };
		D7EAC5F12135027700B9827C /* Vertex.swift */ = {isa = PBXFileReference; lastKnownFileType = sourcecode.swift; path = Vertex.swift; sourceTree = "<group>"; };
		D7EAC5F3213502AE00B9827C /* Node.swift */ = {isa = PBXFileReference; lastKnownFileType = sourcecode.swift; path = Node.swift; sourceTree = "<group>"; };
		D7EAC5F5213503E200B9827C /* Triangle.swift */ = {isa = PBXFileReference; lastKnownFileType = sourcecode.swift; path = Triangle.swift; sourceTree = "<group>"; };
		D7EDC34D2145E7F400DCC012 /* SceneViewController.swift */ = {isa = PBXFileReference; lastKnownFileType = sourcecode.swift; path = SceneViewController.swift; sourceTree = "<group>"; };
		D7EDC34F2145EE6100DCC012 /* BufferProvider.swift */ = {isa = PBXFileReference; lastKnownFileType = sourcecode.swift; path = BufferProvider.swift; sourceTree = "<group>"; };
/* End PBXFileReference section */

/* Begin PBXFrameworksBuildPhase section */
		D78D87BF212A8AE4001EA8BD /* Frameworks */ = {
			isa = PBXFrameworksBuildPhase;
			buildActionMask = 2147483647;
			files = (
			);
			runOnlyForDeploymentPostprocessing = 0;
		};
/* End PBXFrameworksBuildPhase section */

/* Begin PBXGroup section */
		D78D87B9212A8AE4001EA8BD = {
			isa = PBXGroup;
			children = (
				D78D87C4212A8AE4001EA8BD /* Metal Giant */,
				D78D87C3212A8AE4001EA8BD /* Products */,
			);
			sourceTree = "<group>";
		};
		D78D87C3212A8AE4001EA8BD /* Products */ = {
			isa = PBXGroup;
			children = (
				D78D87C2212A8AE4001EA8BD /* Metal Giant.app */,
			);
			name = Products;
			sourceTree = "<group>";
		};
		D78D87C4212A8AE4001EA8BD /* Metal Giant */ = {
			isa = PBXGroup;
			children = (
				D7EAC5EE2134FFCF00B9827C /* Matrix4.h */,
				D7EAC5EF2134FFCF00B9827C /* Matrix4.m */,
				D78D87C5212A8AE4001EA8BD /* AppDelegate.swift */,
				D78D87C7212A8AE4001EA8BD /* MetalViewController.swift */,
				D7EDC34D2145E7F400DCC012 /* SceneViewController.swift */,
				D78D87C9212A8AE4001EA8BD /* Main.storyboard */,
				D78D87CC212A8AE5001EA8BD /* Assets.xcassets */,
				D78D87CE212A8AE5001EA8BD /* LaunchScreen.storyboard */,
				D78D87D1212A8AE5001EA8BD /* Info.plist */,
				D75456E5212E86CD00EFC86F /* Shaders.metal */,
				D7EAC5ED2134FFCF00B9827C /* Metal Giant-Bridging-Header.h */,
				D7EAC5F12135027700B9827C /* Vertex.swift */,
				D7EAC5F3213502AE00B9827C /* Node.swift */,
				D72CE921214793C200246A64 /* cube.png */,
				D7EDC34F2145EE6100DCC012 /* BufferProvider.swift */,
				D786117F21463F0400A19176 /* MetalTexture.swift */,
				D7EAC5F5213503E200B9827C /* Triangle.swift */,
				D7A97FD92137A7B80015C656 /* Cube.swift */,
				D75A526F214D9FE000D0BD39 /* Light.swift */,
			);
			path = "Metal Giant";
			sourceTree = "<group>";
		};
/* End PBXGroup section */

/* Begin PBXNativeTarget section */
		D78D87C1212A8AE4001EA8BD /* Metal Giant */ = {
			isa = PBXNativeTarget;
			buildConfigurationList = D78D87D4212A8AE5001EA8BD /* Build configuration list for PBXNativeTarget "Metal Giant" */;
			buildPhases = (
				D78D87BE212A8AE4001EA8BD /* Sources */,
				D78D87BF212A8AE4001EA8BD /* Frameworks */,
				D78D87C0212A8AE4001EA8BD /* Resources */,
			);
			buildRules = (
			);
			dependencies = (
			);
			name = "Metal Giant";
			productName = "Metal Giant";
			productReference = D78D87C2212A8AE4001EA8BD /* Metal Giant.app */;
			productType = "com.apple.product-type.application";
		};
/* End PBXNativeTarget section */

/* Begin PBXProject section */
		D78D87BA212A8AE4001EA8BD /* Project object */ = {
			isa = PBXProject;
			attributes = {
				LastSwiftUpdateCheck = 0940;
				LastUpgradeCheck = 0940;
				ORGANIZATIONNAME = "Robert Pyzalski";
				TargetAttributes = {
					D78D87C1212A8AE4001EA8BD = {
						CreatedOnToolsVersion = 9.4.1;
						LastSwiftMigration = 0940;
					};
				};
			};
			buildConfigurationList = D78D87BD212A8AE4001EA8BD /* Build configuration list for PBXProject "Metal Giant" */;
			compatibilityVersion = "Xcode 9.3";
			developmentRegion = en;
			hasScannedForEncodings = 0;
			knownRegions = (
				en,
				Base,
			);
			mainGroup = D78D87B9212A8AE4001EA8BD;
			productRefGroup = D78D87C3212A8AE4001EA8BD /* Products */;
			projectDirPath = "";
			projectRoot = "";
			targets = (
				D78D87C1212A8AE4001EA8BD /* Metal Giant */,
			);
		};
/* End PBXProject section */

/* Begin PBXResourcesBuildPhase section */
		D78D87C0212A8AE4001EA8BD /* Resources */ = {
			isa = PBXResourcesBuildPhase;
			buildActionMask = 2147483647;
			files = (
				D78D87D0212A8AE5001EA8BD /* LaunchScreen.storyboard in Resources */,
				D78D87CD212A8AE5001EA8BD /* Assets.xcassets in Resources */,
				D72CE922214793C200246A64 /* cube.png in Resources */,
				D78D87CB212A8AE4001EA8BD /* Main.storyboard in Resources */,
			);
			runOnlyForDeploymentPostprocessing = 0;
		};
/* End PBXResourcesBuildPhase section */

/* Begin PBXSourcesBuildPhase section */
		D78D87BE212A8AE4001EA8BD /* Sources */ = {
			isa = PBXSourcesBuildPhase;
			buildActionMask = 2147483647;
			files = (
				D786118021463F0500A19176 /* MetalTexture.swift in Sources */,
				D7EDC3502145EE6100DCC012 /* BufferProvider.swift in Sources */,
				D7EDC34E2145E7F400DCC012 /* SceneViewController.swift in Sources */,
				D75456E6212E86CD00EFC86F /* Shaders.metal in Sources */,
				D7EAC5F02134FFCF00B9827C /* Matrix4.m in Sources */,
				D78D87C8212A8AE4001EA8BD /* MetalViewController.swift in Sources */,
				D75A5270214D9FE000D0BD39 /* Light.swift in Sources */,
				D7EAC5F4213502AE00B9827C /* Node.swift in Sources */,
				D7A97FDA2137A7B80015C656 /* Cube.swift in Sources */,
				D7EAC5F22135027700B9827C /* Vertex.swift in Sources */,
				D7EAC5F6213503E200B9827C /* Triangle.swift in Sources */,
				D78D87C6212A8AE4001EA8BD /* AppDelegate.swift in Sources */,
			);
			runOnlyForDeploymentPostprocessing = 0;
		};
/* End PBXSourcesBuildPhase section */

/* Begin PBXVariantGroup section */
		D78D87C9212A8AE4001EA8BD /* Main.storyboard */ = {
			isa = PBXVariantGroup;
			children = (
				D78D87CA212A8AE4001EA8BD /* Base */,
			);
			name = Main.storyboard;
			sourceTree = "<group>";
		};
		D78D87CE212A8AE5001EA8BD /* LaunchScreen.storyboard */ = {
			isa = PBXVariantGroup;
			children = (
				D78D87CF212A8AE5001EA8BD /* Base */,
			);
			name = LaunchScreen.storyboard;
			sourceTree = "<group>";
		};
/* End PBXVariantGroup section */

/* Begin XCBuildConfiguration section */
		D78D87D2212A8AE5001EA8BD /* Debug */ = {
			isa = XCBuildConfiguration;
			buildSettings = {
				ALWAYS_SEARCH_USER_PATHS = NO;
				CLANG_ANALYZER_NONNULL = YES;
				CLANG_ANALYZER_NUMBER_OBJECT_CONVERSION = YES_AGGRESSIVE;
				CLANG_CXX_LANGUAGE_STANDARD = "gnu++14";
				CLANG_CXX_LIBRARY = "libc++";
				CLANG_ENABLE_MODULES = YES;
				CLANG_ENABLE_OBJC_ARC = YES;
				CLANG_ENABLE_OBJC_WEAK = YES;
				CLANG_WARN_BLOCK_CAPTURE_AUTORELEASING = YES;
				CLANG_WARN_BOOL_CONVERSION = YES;
				CLANG_WARN_COMMA = YES;
				CLANG_WARN_CONSTANT_CONVERSION = YES;
				CLANG_WARN_DEPRECATED_OBJC_IMPLEMENTATIONS = YES;
				CLANG_WARN_DIRECT_OBJC_ISA_USAGE = YES_ERROR;
				CLANG_WARN_DOCUMENTATION_COMMENTS = YES;
				CLANG_WARN_EMPTY_BODY = YES;
				CLANG_WARN_ENUM_CONVERSION = YES;
				CLANG_WARN_INFINITE_RECURSION = YES;
				CLANG_WARN_INT_CONVERSION = YES;
				CLANG_WARN_NON_LITERAL_NULL_CONVERSION = YES;
				CLANG_WARN_OBJC_IMPLICIT_RETAIN_SELF = YES;
				CLANG_WARN_OBJC_LITERAL_CONVERSION = YES;
				CLANG_WARN_OBJC_ROOT_CLASS = YES_ERROR;
				CLANG_WARN_RANGE_LOOP_ANALYSIS = YES;
				CLANG_WARN_STRICT_PROTOTYPES = YES;
				CLANG_WARN_SUSPICIOUS_MOVE = YES;
				CLANG_WARN_UNGUARDED_AVAILABILITY = YES_AGGRESSIVE;
				CLANG_WARN_UNREACHABLE_CODE = YES;
				CLANG_WARN__DUPLICATE_METHOD_MATCH = YES;
				CODE_SIGN_IDENTITY = "iPhone Developer";
				COPY_PHASE_STRIP = NO;
				DEBUG_INFORMATION_FORMAT = dwarf;
				ENABLE_STRICT_OBJC_MSGSEND = YES;
				ENABLE_TESTABILITY = YES;
				GCC_C_LANGUAGE_STANDARD = gnu11;
				GCC_DYNAMIC_NO_PIC = NO;
				GCC_NO_COMMON_BLOCKS = YES;
				GCC_OPTIMIZATION_LEVEL = 0;
				GCC_PREPROCESSOR_DEFINITIONS = (
					"DEBUG=1",
					"$(inherited)",
				);
				GCC_WARN_64_TO_32_BIT_CONVERSION = YES;
				GCC_WARN_ABOUT_RETURN_TYPE = YES_ERROR;
				GCC_WARN_UNDECLARED_SELECTOR = YES;
				GCC_WARN_UNINITIALIZED_AUTOS = YES_AGGRESSIVE;
				GCC_WARN_UNUSED_FUNCTION = YES;
				GCC_WARN_UNUSED_VARIABLE = YES;
				IPHONEOS_DEPLOYMENT_TARGET = 11.4;
				MTL_ENABLE_DEBUG_INFO = YES;
				ONLY_ACTIVE_ARCH = YES;
				SDKROOT = iphoneos;
				SWIFT_ACTIVE_COMPILATION_CONDITIONS = DEBUG;
				SWIFT_OPTIMIZATION_LEVEL = "-Onone";
			};
			name = Debug;
		};
		D78D87D3212A8AE5001EA8BD /* Release */ = {
			isa = XCBuildConfiguration;
			buildSettings = {
				ALWAYS_SEARCH_USER_PATHS = NO;
				CLANG_ANALYZER_NONNULL = YES;
				CLANG_ANALYZER_NUMBER_OBJECT_CONVERSION = YES_AGGRESSIVE;
				CLANG_CXX_LANGUAGE_STANDARD = "gnu++14";
				CLANG_CXX_LIBRARY = "libc++";
				CLANG_ENABLE_MODULES = YES;
				CLANG_ENABLE_OBJC_ARC = YES;
				CLANG_ENABLE_OBJC_WEAK = YES;
				CLANG_WARN_BLOCK_CAPTURE_AUTORELEASING = YES;
				CLANG_WARN_BOOL_CONVERSION = YES;
				CLANG_WARN_COMMA = YES;
				CLANG_WARN_CONSTANT_CONVERSION = YES;
				CLANG_WARN_DEPRECATED_OBJC_IMPLEMENTATIONS = YES;
				CLANG_WARN_DIRECT_OBJC_ISA_USAGE = YES_ERROR;
				CLANG_WARN_DOCUMENTATION_COMMENTS = YES;
				CLANG_WARN_EMPTY_BODY = YES;
				CLANG_WARN_ENUM_CONVERSION = YES;
				CLANG_WARN_INFINITE_RECURSION = YES;
				CLANG_WARN_INT_CONVERSION = YES;
				CLANG_WARN_NON_LITERAL_NULL_CONVERSION = YES;
				CLANG_WARN_OBJC_IMPLICIT_RETAIN_SELF = YES;
				CLANG_WARN_OBJC_LITERAL_CONVERSION = YES;
				CLANG_WARN_OBJC_ROOT_CLASS = YES_ERROR;
				CLANG_WARN_RANGE_LOOP_ANALYSIS = YES;
				CLANG_WARN_STRICT_PROTOTYPES = YES;
				CLANG_WARN_SUSPICIOUS_MOVE = YES;
				CLANG_WARN_UNGUARDED_AVAILABILITY = YES_AGGRESSIVE;
				CLANG_WARN_UNREACHABLE_CODE = YES;
				CLANG_WARN__DUPLICATE_METHOD_MATCH = YES;
				CODE_SIGN_IDENTITY = "iPhone Developer";
				COPY_PHASE_STRIP = NO;
				DEBUG_INFORMATION_FORMAT = "dwarf-with-dsym";
				ENABLE_NS_ASSERTIONS = NO;
				ENABLE_STRICT_OBJC_MSGSEND = YES;
				GCC_C_LANGUAGE_STANDARD = gnu11;
				GCC_NO_COMMON_BLOCKS = YES;
				GCC_WARN_64_TO_32_BIT_CONVERSION = YES;
				GCC_WARN_ABOUT_RETURN_TYPE = YES_ERROR;
				GCC_WARN_UNDECLARED_SELECTOR = YES;
				GCC_WARN_UNINITIALIZED_AUTOS = YES_AGGRESSIVE;
				GCC_WARN_UNUSED_FUNCTION = YES;
				GCC_WARN_UNUSED_VARIABLE = YES;
				IPHONEOS_DEPLOYMENT_TARGET = 11.4;
				MTL_ENABLE_DEBUG_INFO = NO;
				SDKROOT = iphoneos;
				SWIFT_COMPILATION_MODE = wholemodule;
				SWIFT_OPTIMIZATION_LEVEL = "-O";
				VALIDATE_PRODUCT = YES;
			};
			name = Release;
		};
		D78D87D5212A8AE5001EA8BD /* Debug */ = {
			isa = XCBuildConfiguration;
			buildSettings = {
				ASSETCATALOG_COMPILER_APPICON_NAME = AppIcon;
				CLANG_ENABLE_MODULES = YES;
				CODE_SIGN_STYLE = Automatic;
				DEVELOPMENT_TEAM = KCG435WMLX;
				INFOPLIST_FILE = "Metal Giant/Info.plist";
				LD_RUNPATH_SEARCH_PATHS = (
					"$(inherited)",
					"@executable_path/Frameworks",
				);
				PRODUCT_BUNDLE_IDENTIFIER = "com.orbitry.Metal-Giant";
				PRODUCT_NAME = "$(TARGET_NAME)";
				SWIFT_OBJC_BRIDGING_HEADER = "Metal Giant/Metal Giant-Bridging-Header.h";
				SWIFT_OPTIMIZATION_LEVEL = "-Onone";
				SWIFT_VERSION = 4.0;
				TARGETED_DEVICE_FAMILY = "1,2";
			};
			name = Debug;
		};
		D78D87D6212A8AE5001EA8BD /* Release */ = {
			isa = XCBuildConfiguration;
			buildSettings = {
				ASSETCATALOG_COMPILER_APPICON_NAME = AppIcon;
				CLANG_ENABLE_MODULES = YES;
				CODE_SIGN_STYLE = Automatic;
				DEVELOPMENT_TEAM = KCG435WMLX;
				INFOPLIST_FILE = "Metal Giant/Info.plist";
				LD_RUNPATH_SEARCH_PATHS = (
					"$(inherited)",
					"@executable_path/Frameworks",
				);
				PRODUCT_BUNDLE_IDENTIFIER = "com.orbitry.Metal-Giant";
				PRODUCT_NAME = "$(TARGET_NAME)";
				SWIFT_OBJC_BRIDGING_HEADER = "Metal Giant/Metal Giant-Bridging-Header.h";
				SWIFT_VERSION = 4.0;
				TARGETED_DEVICE_FAMILY = "1,2";
			};
			name = Release;
		};
/* End XCBuildConfiguration section */

/* Begin XCConfigurationList section */
		D78D87BD212A8AE4001EA8BD /* Build configuration list for PBXProject "Metal Giant" */ = {
			isa = XCConfigurationList;
			buildConfigurations = (
				D78D87D2212A8AE5001EA8BD /* Debug */,
				D78D87D3212A8AE5001EA8BD /* Release */,
			);
			defaultConfigurationIsVisible = 0;
			defaultConfigurationName = Release;
		};
		D78D87D4212A8AE5001EA8BD /* Build configuration list for PBXNativeTarget "Metal Giant" */ = {
			isa = XCConfigurationList;
			buildConfigurations = (
				D78D87D5212A8AE5001EA8BD /* Debug */,
				D78D87D6212A8AE5001EA8BD /* Release */,
			);
			defaultConfigurationIsVisible = 0;
			defaultConfigurationName = Release;
		};
/* End XCConfigurationList section */
	};
	rootObject = D78D87BA212A8AE4001EA8BD /* Project object */;
}
